
Microsoft Visual Studio Solution File, Format Version 12.00
# Visual Studio Version 16
VisualStudioVersion = 16.0.31911.196
MinimumVisualStudioVersion = 10.0.40219.1
Project("{2150E333-8FDC-42A3-9474-1A3956D46DE8}") = "Tests", "Tests", "{E2FD5B77-C097-42F7-B73D-2DED417C9B4C}"
EndProject
Project("{2150E333-8FDC-42A3-9474-1A3956D46DE8}") = "src", "src", "{5CAC1609-373A-4CB5-8789-5F765924E824}"
EndProject
Project("{9A19103F-16F7-4668-BE54-9A1E7A4F7556}") = "O-gym", "O-gym\O-gym.csproj", "{7F66C3FD-4275-43C0-AD90-ABEB11C01DDB}"
EndProject
Project("{9A19103F-16F7-4668-BE54-9A1E7A4F7556}") = "O-gym.Domain", "O-gym.Domain\O-gym.Domain.csproj", "{4D1C23AA-76B0-4304-B928-AAE5A866A0E6}"
EndProject
Project("{9A19103F-16F7-4668-BE54-9A1E7A4F7556}") = "O-gym.Shared", "O-gym.Shared\O-gym.Shared.csproj", "{EFEA04AA-3BE5-449A-9DDE-C83BF4638E8C}"
EndProject
Project("{9A19103F-16F7-4668-BE54-9A1E7A4F7556}") = "O-gym.Shared.Abstractions", "O-gym.Shared.Abstractions\O-gym.Shared.Abstractions.csproj", "{AD988274-C1A4-4B63-8D1A-68399756F6D0}"
EndProject
Project("{9A19103F-16F7-4668-BE54-9A1E7A4F7556}") = "O-gym.Application", "O-gym.Application\O-gym.Application.csproj", "{122E5B87-2AAB-412D-9B69-E815BA40BC06}"
EndProject
Project("{9A19103F-16F7-4668-BE54-9A1E7A4F7556}") = "O-gym.Infrastructure", "O-gym.Infrastructure\O-gym.Infrastructure.csproj", "{DE1C0F4C-A085-4EF8-BEC8-0495C50C7F0A}"
EndProject
Project("{9A19103F-16F7-4668-BE54-9A1E7A4F7556}") = "O-gym.Application.Tests", "O-gym.Application.Tests\O-gym.Application.Tests.csproj", "{AC267B5C-7756-49B1-8A6A-0CEF4C8D4C8B}"
EndProject
Project("{9A19103F-16F7-4668-BE54-9A1E7A4F7556}") = "O-gym.Domain.Tests", "O-gym.Domain.Tests\O-gym.Domain.Tests.csproj", "{84DD44FF-3471-467A-99D1-A15B80198F89}"
EndProject
Project("{FAE04EC0-301F-11D3-BF4B-00C04F79EFBC}") = "O-gym.Tests.Common", "O-gym.Tests.Common\O-gym.Tests.Common.csproj", "{69A999C6-596E-41A3-A91E-12518DE53E59}"
EndProject
Global
	GlobalSection(SolutionConfigurationPlatforms) = preSolution
		Debug|Any CPU = Debug|Any CPU
		Release|Any CPU = Release|Any CPU
	EndGlobalSection
	GlobalSection(ProjectConfigurationPlatforms) = postSolution
		{7F66C3FD-4275-43C0-AD90-ABEB11C01DDB}.Debug|Any CPU.ActiveCfg = Debug|Any CPU
		{7F66C3FD-4275-43C0-AD90-ABEB11C01DDB}.Debug|Any CPU.Build.0 = Debug|Any CPU
		{7F66C3FD-4275-43C0-AD90-ABEB11C01DDB}.Release|Any CPU.ActiveCfg = Release|Any CPU
		{7F66C3FD-4275-43C0-AD90-ABEB11C01DDB}.Release|Any CPU.Build.0 = Release|Any CPU
		{4D1C23AA-76B0-4304-B928-AAE5A866A0E6}.Debug|Any CPU.ActiveCfg = Debug|Any CPU
		{4D1C23AA-76B0-4304-B928-AAE5A866A0E6}.Debug|Any CPU.Build.0 = Debug|Any CPU
		{4D1C23AA-76B0-4304-B928-AAE5A866A0E6}.Release|Any CPU.ActiveCfg = Release|Any CPU
		{4D1C23AA-76B0-4304-B928-AAE5A866A0E6}.Release|Any CPU.Build.0 = Release|Any CPU
		{EFEA04AA-3BE5-449A-9DDE-C83BF4638E8C}.Debug|Any CPU.ActiveCfg = Debug|Any CPU
		{EFEA04AA-3BE5-449A-9DDE-C83BF4638E8C}.Debug|Any CPU.Build.0 = Debug|Any CPU
		{EFEA04AA-3BE5-449A-9DDE-C83BF4638E8C}.Release|Any CPU.ActiveCfg = Release|Any CPU
		{EFEA04AA-3BE5-449A-9DDE-C83BF4638E8C}.Release|Any CPU.Build.0 = Release|Any CPU
		{AD988274-C1A4-4B63-8D1A-68399756F6D0}.Debug|Any CPU.ActiveCfg = Debug|Any CPU
		{AD988274-C1A4-4B63-8D1A-68399756F6D0}.Debug|Any CPU.Build.0 = Debug|Any CPU
		{AD988274-C1A4-4B63-8D1A-68399756F6D0}.Release|Any CPU.ActiveCfg = Release|Any CPU
		{AD988274-C1A4-4B63-8D1A-68399756F6D0}.Release|Any CPU.Build.0 = Release|Any CPU
		{122E5B87-2AAB-412D-9B69-E815BA40BC06}.Debug|Any CPU.ActiveCfg = Debug|Any CPU
		{122E5B87-2AAB-412D-9B69-E815BA40BC06}.Debug|Any CPU.Build.0 = Debug|Any CPU
		{122E5B87-2AAB-412D-9B69-E815BA40BC06}.Release|Any CPU.ActiveCfg = Release|Any CPU
		{122E5B87-2AAB-412D-9B69-E815BA40BC06}.Release|Any CPU.Build.0 = Release|Any CPU
		{DE1C0F4C-A085-4EF8-BEC8-0495C50C7F0A}.Debug|Any CPU.ActiveCfg = Debug|Any CPU
		{DE1C0F4C-A085-4EF8-BEC8-0495C50C7F0A}.Debug|Any CPU.Build.0 = Debug|Any CPU
		{DE1C0F4C-A085-4EF8-BEC8-0495C50C7F0A}.Release|Any CPU.ActiveCfg = Release|Any CPU
		{DE1C0F4C-A085-4EF8-BEC8-0495C50C7F0A}.Release|Any CPU.Build.0 = Release|Any CPU
		{AC267B5C-7756-49B1-8A6A-0CEF4C8D4C8B}.Debug|Any CPU.ActiveCfg = Debug|Any CPU
		{AC267B5C-7756-49B1-8A6A-0CEF4C8D4C8B}.Debug|Any CPU.Build.0 = Debug|Any CPU
		{AC267B5C-7756-49B1-8A6A-0CEF4C8D4C8B}.Release|Any CPU.ActiveCfg = Release|Any CPU
		{AC267B5C-7756-49B1-8A6A-0CEF4C8D4C8B}.Release|Any CPU.Build.0 = Release|Any CPU
		{84DD44FF-3471-467A-99D1-A15B80198F89}.Debug|Any CPU.ActiveCfg = Debug|Any CPU
		{84DD44FF-3471-467A-99D1-A15B80198F89}.Debug|Any CPU.Build.0 = Debug|Any CPU
		{84DD44FF-3471-467A-99D1-A15B80198F89}.Release|Any CPU.ActiveCfg = Release|Any CPU
		{84DD44FF-3471-467A-99D1-A15B80198F89}.Release|Any CPU.Build.0 = Release|Any CPU
		{69A999C6-596E-41A3-A91E-12518DE53E59}.Debug|Any CPU.ActiveCfg = Debug|Any CPU
		{69A999C6-596E-41A3-A91E-12518DE53E59}.Debug|Any CPU.Build.0 = Debug|Any CPU
		{69A999C6-596E-41A3-A91E-12518DE53E59}.Release|Any CPU.ActiveCfg = Release|Any CPU
		{69A999C6-596E-41A3-A91E-12518DE53E59}.Release|Any CPU.Build.0 = Release|Any CPU
	EndGlobalSection
	GlobalSection(SolutionProperties) = preSolution
		HideSolutionNode = FALSE
	EndGlobalSection
	GlobalSection(NestedProjects) = preSolution
		{7F66C3FD-4275-43C0-AD90-ABEB11C01DDB} = {5CAC1609-373A-4CB5-8789-5F765924E824}
		{4D1C23AA-76B0-4304-B928-AAE5A866A0E6} = {5CAC1609-373A-4CB5-8789-5F765924E824}
		{EFEA04AA-3BE5-449A-9DDE-C83BF4638E8C} = {5CAC1609-373A-4CB5-8789-5F765924E824}
		{AD988274-C1A4-4B63-8D1A-68399756F6D0} = {5CAC1609-373A-4CB5-8789-5F765924E824}
		{122E5B87-2AAB-412D-9B69-E815BA40BC06} = {5CAC1609-373A-4CB5-8789-5F765924E824}
		{DE1C0F4C-A085-4EF8-BEC8-0495C50C7F0A} = {5CAC1609-373A-4CB5-8789-5F765924E824}
		{AC267B5C-7756-49B1-8A6A-0CEF4C8D4C8B} = {E2FD5B77-C097-42F7-B73D-2DED417C9B4C}
		{84DD44FF-3471-467A-99D1-A15B80198F89} = {E2FD5B77-C097-42F7-B73D-2DED417C9B4C}
		{69A999C6-596E-41A3-A91E-12518DE53E59} = {E2FD5B77-C097-42F7-B73D-2DED417C9B4C}
	EndGlobalSection
	GlobalSection(ExtensibilityGlobals) = postSolution
		SolutionGuid = {8AEB0224-1071-4F73-907A-91BFC6473295}
	EndGlobalSection
EndGlobal
